// !$*UTF8*$!
{
	archiveVersion = 1;
	classes = {
	};
	objectVersion = 77;
	objects = {

/* Begin PBXBuildFile section */
		3D1E7B672E983481008EE67B /* RootView.swift in Sources */ = {isa = PBXBuildFile; fileRef = 3D1E7B642E983481008EE67B /* RootView.swift */; };
		3D1E7B682E983481008EE67B /* ShopAppApp.swift in Sources */ = {isa = PBXBuildFile; fileRef = 3D1E7B652E983481008EE67B /* ShopAppApp.swift */; };
		3D1E7B692E983481008EE67B /* Assets.xcassets in Resources */ = {isa = PBXBuildFile; fileRef = 3D1E7B632E983481008EE67B /* Assets.xcassets */; };
		3D1E7B6C2E985B45008EE67B /* Product.swift in Sources */ = {isa = PBXBuildFile; fileRef = 3D1E7B6B2E985B45008EE67B /* Product.swift */; };
		3D1E7B6E2E985B74008EE67B /* CartItem.swift in Sources */ = {isa = PBXBuildFile; fileRef = 3D1E7B6D2E985B74008EE67B /* CartItem.swift */; };
		3D1E7B712E985C85008EE67B /* MockData.swift in Sources */ = {isa = PBXBuildFile; fileRef = 3D1E7B702E985C85008EE67B /* MockData.swift */; };
		3D1E7B762E986329008EE67B /* SettingsManager.swift in Sources */ = {isa = PBXBuildFile; fileRef = 3D1E7B752E986329008EE67B /* SettingsManager.swift */; };
		3D1E7B7B2E9865B3008EE67B /* AppCoordinator.swift in Sources */ = {isa = PBXBuildFile; fileRef = 3D1E7B7A2E9865B3008EE67B /* AppCoordinator.swift */; };
		3D1ECC8F2E9C0B0D006B3675 /* WebViewEmptyStateViewController.swift in Sources */ = {isa = PBXBuildFile; fileRef = 3D1ECC8E2E9C0B0D006B3675 /* WebViewEmptyStateViewController.swift */; };
		3D3E2D4B2E987E3F00675C05 /* MainTabView.swift in Sources */ = {isa = PBXBuildFile; fileRef = 3D3E2D4A2E987E3F00675C05 /* MainTabView.swift */; };
		3D3E2D4D2E987EEE00675C05 /* ProductCardView.swift in Sources */ = {isa = PBXBuildFile; fileRef = 3D3E2D4C2E987EEE00675C05 /* ProductCardView.swift */; };
		3D3E2D502E98817100675C05 /* ProductListViewModel.swift in Sources */ = {isa = PBXBuildFile; fileRef = 3D3E2D4F2E98817100675C05 /* ProductListViewModel.swift */; };
		3D3E2D522E9881F300675C05 /* ProductListView.swift in Sources */ = {isa = PBXBuildFile; fileRef = 3D3E2D512E9881F300675C05 /* ProductListView.swift */; };
		3D3E2D542E98835100675C05 /* ProductDetailView.swift in Sources */ = {isa = PBXBuildFile; fileRef = 3D3E2D532E98835100675C05 /* ProductDetailView.swift */; };
		3D3E2D562E988E3F00675C05 /* FavoritesViewModel.swift in Sources */ = {isa = PBXBuildFile; fileRef = 3D3E2D552E988E3F00675C05 /* FavoritesViewModel.swift */; };
		3D3E2D582E9893A200675C05 /* FavoritesView.swift in Sources */ = {isa = PBXBuildFile; fileRef = 3D3E2D572E9893A200675C05 /* FavoritesView.swift */; };
		3D3E2D5A2E98986000675C05 /* SearchBar.swift in Sources */ = {isa = PBXBuildFile; fileRef = 3D3E2D592E98986000675C05 /* SearchBar.swift */; };
		3D3E2D5C2E9898D200675C05 /* FavoritesContentView.swift in Sources */ = {isa = PBXBuildFile; fileRef = 3D3E2D5B2E9898D200675C05 /* FavoritesContentView.swift */; };
		3D3E2D612E989C7200675C05 /* CartViewModel.swift in Sources */ = {isa = PBXBuildFile; fileRef = 3D3E2D602E989C7200675C05 /* CartViewModel.swift */; };
		3D3E2D662E989D0900675C05 /* CartView.swift in Sources */ = {isa = PBXBuildFile; fileRef = 3D3E2D652E989D0900675C05 /* CartView.swift */; };
		3D3E2D682E989D5F00675C05 /* CartContentView.swift in Sources */ = {isa = PBXBuildFile; fileRef = 3D3E2D672E989D5F00675C05 /* CartContentView.swift */; };
		3D3E2D722E993A8900675C05 /* SettingsView.swift in Sources */ = {isa = PBXBuildFile; fileRef = 3D3E2D712E993A8900675C05 /* SettingsView.swift */; };
		3D3E2D772E993EAC00675C05 /* GoogleBrowserView.swift in Sources */ = {isa = PBXBuildFile; fileRef = 3D3E2D762E993EAC00675C05 /* GoogleBrowserView.swift */; };
		3D3E2D7A2E994AF400675C05 /* PersistenceService.swift in Sources */ = {isa = PBXBuildFile; fileRef = 3D3E2D792E994AF400675C05 /* PersistenceService.swift */; };
		3DB90DBD2E9D1E6500B603E2 /* README.md in Resources */ = {isa = PBXBuildFile; fileRef = 3DB90DBC2E9D1E6500B603E2 /* README.md */; };
		3DB90DC62EA7F39100B603E2 /* Logger.swift in Sources */ = {isa = PBXBuildFile; fileRef = 3DB90DC52EA7F39100B603E2 /* Logger.swift */; };
		3DB90DC92EA9013A00B603E2 /* ShopApp.xcdatamodeld in Sources */ = {isa = PBXBuildFile; fileRef = 3DB90DC72EA9013A00B603E2 /* ShopApp.xcdatamodeld */; };
		3DB90DCB2EA9020100B603E2 /* CoreDataManager.swift in Sources */ = {isa = PBXBuildFile; fileRef = 3DB90DCA2EA9020100B603E2 /* CoreDataManager.swift */; };
		3DE1B9D42E9A7A2C00E752FF /* WebViewController.swift in Sources */ = {isa = PBXBuildFile; fileRef = 3DE1B9D32E9A7A2C00E752FF /* WebViewController.swift */; };
		3DE1B9D82E9A7B0700E752FF /* ModalNavigationBar.swift in Sources */ = {isa = PBXBuildFile; fileRef = 3DE1B9D72E9A7B0700E752FF /* ModalNavigationBar.swift */; };
/* End PBXBuildFile section */

/* Begin PBXFileReference section */
		3D1E7B552E983478008EE67B /* ShopApp.app */ = {isa = PBXFileReference; explicitFileType = wrapper.application; includeInIndex = 0; path = ShopApp.app; sourceTree = BUILT_PRODUCTS_DIR; };
		3D1E7B632E983481008EE67B /* Assets.xcassets */ = {isa = PBXFileReference; lastKnownFileType = folder.assetcatalog; path = Assets.xcassets; sourceTree = "<group>"; };
		3D1E7B642E983481008EE67B /* RootView.swift */ = {isa = PBXFileReference; lastKnownFileType = sourcecode.swift; path = RootView.swift; sourceTree = "<group>"; };
		3D1E7B652E983481008EE67B /* ShopAppApp.swift */ = {isa = PBXFileReference; lastKnownFileType = sourcecode.swift; path = ShopAppApp.swift; sourceTree = "<group>"; };
		3D1E7B6B2E985B45008EE67B /* Product.swift */ = {isa = PBXFileReference; lastKnownFileType = sourcecode.swift; path = Product.swift; sourceTree = "<group>"; };
		3D1E7B6D2E985B74008EE67B /* CartItem.swift */ = {isa = PBXFileReference; lastKnownFileType = sourcecode.swift; path = CartItem.swift; sourceTree = "<group>"; };
		3D1E7B702E985C85008EE67B /* MockData.swift */ = {isa = PBXFileReference; lastKnownFileType = sourcecode.swift; path = MockData.swift; sourceTree = "<group>"; };
		3D1E7B752E986329008EE67B /* SettingsManager.swift */ = {isa = PBXFileReference; lastKnownFileType = sourcecode.swift; path = SettingsManager.swift; sourceTree = "<group>"; };
		3D1E7B7A2E9865B3008EE67B /* AppCoordinator.swift */ = {isa = PBXFileReference; lastKnownFileType = sourcecode.swift; path = AppCoordinator.swift; sourceTree = "<group>"; };
		3D1ECC8E2E9C0B0D006B3675 /* WebViewEmptyStateViewController.swift */ = {isa = PBXFileReference; lastKnownFileType = sourcecode.swift; path = WebViewEmptyStateViewController.swift; sourceTree = "<group>"; };
		3D3E2D4A2E987E3F00675C05 /* MainTabView.swift */ = {isa = PBXFileReference; lastKnownFileType = sourcecode.swift; path = MainTabView.swift; sourceTree = "<group>"; };
		3D3E2D4C2E987EEE00675C05 /* ProductCardView.swift */ = {isa = PBXFileReference; lastKnownFileType = sourcecode.swift; path = ProductCardView.swift; sourceTree = "<group>"; };
		3D3E2D4F2E98817100675C05 /* ProductListViewModel.swift */ = {isa = PBXFileReference; lastKnownFileType = sourcecode.swift; path = ProductListViewModel.swift; sourceTree = "<group>"; };
		3D3E2D512E9881F300675C05 /* ProductListView.swift */ = {isa = PBXFileReference; lastKnownFileType = sourcecode.swift; path = ProductListView.swift; sourceTree = "<group>"; };
		3D3E2D532E98835100675C05 /* ProductDetailView.swift */ = {isa = PBXFileReference; lastKnownFileType = sourcecode.swift; path = ProductDetailView.swift; sourceTree = "<group>"; };
		3D3E2D552E988E3F00675C05 /* FavoritesViewModel.swift */ = {isa = PBXFileReference; lastKnownFileType = sourcecode.swift; path = FavoritesViewModel.swift; sourceTree = "<group>"; };
		3D3E2D572E9893A200675C05 /* FavoritesView.swift */ = {isa = PBXFileReference; lastKnownFileType = sourcecode.swift; path = FavoritesView.swift; sourceTree = "<group>"; };
		3D3E2D592E98986000675C05 /* SearchBar.swift */ = {isa = PBXFileReference; lastKnownFileType = sourcecode.swift; path = SearchBar.swift; sourceTree = "<group>"; };
		3D3E2D5B2E9898D200675C05 /* FavoritesContentView.swift */ = {isa = PBXFileReference; lastKnownFileType = sourcecode.swift; path = FavoritesContentView.swift; sourceTree = "<group>"; };
		3D3E2D602E989C7200675C05 /* CartViewModel.swift */ = {isa = PBXFileReference; lastKnownFileType = sourcecode.swift; path = CartViewModel.swift; sourceTree = "<group>"; };
		3D3E2D652E989D0900675C05 /* CartView.swift */ = {isa = PBXFileReference; lastKnownFileType = sourcecode.swift; path = CartView.swift; sourceTree = "<group>"; };
		3D3E2D672E989D5F00675C05 /* CartContentView.swift */ = {isa = PBXFileReference; lastKnownFileType = sourcecode.swift; path = CartContentView.swift; sourceTree = "<group>"; };
		3D3E2D712E993A8900675C05 /* SettingsView.swift */ = {isa = PBXFileReference; lastKnownFileType = sourcecode.swift; path = SettingsView.swift; sourceTree = "<group>"; };
		3D3E2D762E993EAC00675C05 /* GoogleBrowserView.swift */ = {isa = PBXFileReference; lastKnownFileType = sourcecode.swift; path = GoogleBrowserView.swift; sourceTree = "<group>"; };
		3D3E2D792E994AF400675C05 /* PersistenceService.swift */ = {isa = PBXFileReference; lastKnownFileType = sourcecode.swift; path = PersistenceService.swift; sourceTree = "<group>"; };
		3DB90DBC2E9D1E6500B603E2 /* README.md */ = {isa = PBXFileReference; lastKnownFileType = net.daringfireball.markdown; path = README.md; sourceTree = "<group>"; };
		3DB90DC52EA7F39100B603E2 /* Logger.swift */ = {isa = PBXFileReference; lastKnownFileType = sourcecode.swift; path = Logger.swift; sourceTree = "<group>"; };
		3DB90DC82EA9013A00B603E2 /* ShopApp.xcdatamodel */ = {isa = PBXFileReference; lastKnownFileType = wrapper.xcdatamodel; path = ShopApp.xcdatamodel; sourceTree = "<group>"; };
		3DB90DCA2EA9020100B603E2 /* CoreDataManager.swift */ = {isa = PBXFileReference; lastKnownFileType = sourcecode.swift; path = CoreDataManager.swift; sourceTree = "<group>"; };
		3DE1B9D32E9A7A2C00E752FF /* WebViewController.swift */ = {isa = PBXFileReference; lastKnownFileType = sourcecode.swift; path = WebViewController.swift; sourceTree = "<group>"; };
		3DE1B9D72E9A7B0700E752FF /* ModalNavigationBar.swift */ = {isa = PBXFileReference; lastKnownFileType = sourcecode.swift; path = ModalNavigationBar.swift; sourceTree = "<group>"; };
/* End PBXFileReference section */

/* Begin PBXFrameworksBuildPhase section */
		3D1E7B522E983478008EE67B /* Frameworks */ = {
			isa = PBXFrameworksBuildPhase;
			buildActionMask = 2147483647;
			files = (
			);
			runOnlyForDeploymentPostprocessing = 0;
		};
/* End PBXFrameworksBuildPhase section */

/* Begin PBXGroup section */
		3D1E7B4C2E983478008EE67B = {
			isa = PBXGroup;
			children = (
				3DB90DBC2E9D1E6500B603E2 /* README.md */,
				3D1E7B662E983481008EE67B /* ShopApp */,
				3DB90DC72EA9013A00B603E2 /* ShopApp.xcdatamodeld */,
				3D1E7B632E983481008EE67B /* Assets.xcassets */,
				3D1E7B562E983478008EE67B /* Products */,
			);
			sourceTree = "<group>";
		};
		3D1E7B562E983478008EE67B /* Products */ = {
			isa = PBXGroup;
			children = (
				3D1E7B552E983478008EE67B /* ShopApp.app */,
			);
			name = Products;
			sourceTree = "<group>";
		};
		3D1E7B662E983481008EE67B /* ShopApp */ = {
			isa = PBXGroup;
			children = (
				3DB90DBE2EA7EF9400B603E2 /* Generic */,
				3D1E7B652E983481008EE67B /* ShopAppApp.swift */,
				3D1E7B7A2E9865B3008EE67B /* AppCoordinator.swift */,
				3D3E2D782E994AED00675C05 /* Persistance */,
				3D3E2D4E2E98816200675C05 /* ViewModels */,
				3D1E7B792E98652D008EE67B /* Views */,
				3D1E7B6F2E985C67008EE67B /* Services */,
				3D1E7B6A2E985B36008EE67B /* Models */,
			);
			path = ShopApp;
			sourceTree = "<group>";
		};
		3D1E7B6A2E985B36008EE67B /* Models */ = {
			isa = PBXGroup;
			children = (
				3D1E7B6D2E985B74008EE67B /* CartItem.swift */,
				3D1E7B6B2E985B45008EE67B /* Product.swift */,
			);
			path = Models;
			sourceTree = "<group>";
		};
		3D1E7B6F2E985C67008EE67B /* Services */ = {
			isa = PBXGroup;
			children = (
				3D1E7B752E986329008EE67B /* SettingsManager.swift */,
				3D1E7B702E985C85008EE67B /* MockData.swift */,
			);
			path = Services;
			sourceTree = "<group>";
		};
		3D1E7B792E98652D008EE67B /* Views */ = {
			isa = PBXGroup;
			children = (
				3D1E7B642E983481008EE67B /* RootView.swift */,
				3D3E2D4A2E987E3F00675C05 /* MainTabView.swift */,
				3D3E2D5E2E989BB900675C05 /* Products */,
				3D3E2D5D2E989B9400675C05 /* Favorites */,
				3D3E2D5F2E989C4C00675C05 /* Cart */,
				3D3E2D6E2E99399900675C05 /* Settings */,
				3D3E2D732E993E7A00675C05 /* Browser */,
				3DB90DB92E9C250200B603E2 /* Generic */,
			);
			path = Views;
			sourceTree = "<group>";
		};
		3D3E2D4E2E98816200675C05 /* ViewModels */ = {
			isa = PBXGroup;
			children = (
				3D3E2D642E989CE500675C05 /* Products */,
				3D3E2D632E989CDA00675C05 /* Favorites */,
				3D3E2D622E989CD000675C05 /* Cart */,
			);
			path = ViewModels;
			sourceTree = "<group>";
		};
		3D3E2D5D2E989B9400675C05 /* Favorites */ = {
			isa = PBXGroup;
			children = (
				3D3E2D572E9893A200675C05 /* FavoritesView.swift */,
				3D3E2D5B2E9898D200675C05 /* FavoritesContentView.swift */,
			);
			path = Favorites;
			sourceTree = "<group>";
		};
		3D3E2D5E2E989BB900675C05 /* Products */ = {
			isa = PBXGroup;
			children = (
				3D3E2D512E9881F300675C05 /* ProductListView.swift */,
				3D3E2D4C2E987EEE00675C05 /* ProductCardView.swift */,
			);
			path = Products;
			sourceTree = "<group>";
		};
		3D3E2D5F2E989C4C00675C05 /* Cart */ = {
			isa = PBXGroup;
			children = (
				3D3E2D652E989D0900675C05 /* CartView.swift */,
				3D3E2D672E989D5F00675C05 /* CartContentView.swift */,
			);
			path = Cart;
			sourceTree = "<group>";
		};
		3D3E2D622E989CD000675C05 /* Cart */ = {
			isa = PBXGroup;
			children = (
				3D3E2D602E989C7200675C05 /* CartViewModel.swift */,
			);
			path = Cart;
			sourceTree = "<group>";
		};
		3D3E2D632E989CDA00675C05 /* Favorites */ = {
			isa = PBXGroup;
			children = (
				3D3E2D552E988E3F00675C05 /* FavoritesViewModel.swift */,
			);
			path = Favorites;
			sourceTree = "<group>";
		};
		3D3E2D642E989CE500675C05 /* Products */ = {
			isa = PBXGroup;
			children = (
				3D3E2D4F2E98817100675C05 /* ProductListViewModel.swift */,
			);
			path = Products;
			sourceTree = "<group>";
		};
		3D3E2D6E2E99399900675C05 /* Settings */ = {
			isa = PBXGroup;
			children = (
				3D3E2D712E993A8900675C05 /* SettingsView.swift */,
			);
			path = Settings;
			sourceTree = "<group>";
		};
		3D3E2D732E993E7A00675C05 /* Browser */ = {
			isa = PBXGroup;
			children = (
				3D1ECC8E2E9C0B0D006B3675 /* WebViewEmptyStateViewController.swift */,
				3DE1B9D72E9A7B0700E752FF /* ModalNavigationBar.swift */,
				3DE1B9D32E9A7A2C00E752FF /* WebViewController.swift */,
				3D3E2D762E993EAC00675C05 /* GoogleBrowserView.swift */,
			);
			path = Browser;
			sourceTree = "<group>";
		};
		3D3E2D782E994AED00675C05 /* Persistance */ = {
			isa = PBXGroup;
			children = (
				3DB90DCA2EA9020100B603E2 /* CoreDataManager.swift */,
				3D3E2D792E994AF400675C05 /* PersistenceService.swift */,
			);
			path = Persistance;
			sourceTree = "<group>";
		};
		3DB90DB92E9C250200B603E2 /* Generic */ = {
			isa = PBXGroup;
			children = (
				3D3E2D532E98835100675C05 /* ProductDetailView.swift */,
				3D3E2D592E98986000675C05 /* SearchBar.swift */,
			);
			path = Generic;
			sourceTree = "<group>";
		};
		3DB90DBE2EA7EF9400B603E2 /* Generic */ = {
			isa = PBXGroup;
			children = (
				3DB90DC52EA7F39100B603E2 /* Logger.swift */,
			);
			path = Generic;
			sourceTree = "<group>";
		};
/* End PBXGroup section */

/* Begin PBXNativeTarget section */
		3D1E7B542E983478008EE67B /* ShopApp */ = {
			isa = PBXNativeTarget;
			buildConfigurationList = 3D1E7B602E983479008EE67B /* Build configuration list for PBXNativeTarget "ShopApp" */;
			buildPhases = (
				3D1E7B512E983478008EE67B /* Sources */,
				3D1E7B522E983478008EE67B /* Frameworks */,
				3D1E7B532E983478008EE67B /* Resources */,
			);
			buildRules = (
			);
			dependencies = (
			);
			name = ShopApp;
			packageProductDependencies = (
			);
			productName = ShopApp;
			productReference = 3D1E7B552E983478008EE67B /* ShopApp.app */;
			productType = "com.apple.product-type.application";
		};
/* End PBXNativeTarget section */

/* Begin PBXProject section */
		3D1E7B4D2E983478008EE67B /* Project object */ = {
			isa = PBXProject;
			attributes = {
				BuildIndependentTargetsInParallel = 1;
				LastSwiftUpdateCheck = 2600;
				LastUpgradeCheck = 2600;
				TargetAttributes = {
					3D1E7B542E983478008EE67B = {
						CreatedOnToolsVersion = 26.0.1;
					};
				};
			};
			buildConfigurationList = 3D1E7B502E983478008EE67B /* Build configuration list for PBXProject "ShopApp" */;
			developmentRegion = en;
			hasScannedForEncodings = 0;
			knownRegions = (
				en,
				Base,
			);
			mainGroup = 3D1E7B4C2E983478008EE67B;
			minimizedProjectReferenceProxies = 1;
			preferredProjectObjectVersion = 77;
			productRefGroup = 3D1E7B562E983478008EE67B /* Products */;
			projectDirPath = "";
			projectRoot = "";
			targets = (
				3D1E7B542E983478008EE67B /* ShopApp */,
			);
		};
/* End PBXProject section */

/* Begin PBXResourcesBuildPhase section */
		3D1E7B532E983478008EE67B /* Resources */ = {
			isa = PBXResourcesBuildPhase;
			buildActionMask = 2147483647;
			files = (
				3DB90DBD2E9D1E6500B603E2 /* README.md in Resources */,
				3D1E7B692E983481008EE67B /* Assets.xcassets in Resources */,
			);
			runOnlyForDeploymentPostprocessing = 0;
		};
/* End PBXResourcesBuildPhase section */

/* Begin PBXSourcesBuildPhase section */
		3D1E7B512E983478008EE67B /* Sources */ = {
			isa = PBXSourcesBuildPhase;
			buildActionMask = 2147483647;
			files = (
				3D3E2D522E9881F300675C05 /* ProductListView.swift in Sources */,
				3DE1B9D82E9A7B0700E752FF /* ModalNavigationBar.swift in Sources */,
				3D3E2D7A2E994AF400675C05 /* PersistenceService.swift in Sources */,
				3D3E2D502E98817100675C05 /* ProductListViewModel.swift in Sources */,
				3D1E7B762E986329008EE67B /* SettingsManager.swift in Sources */,
				3D3E2D772E993EAC00675C05 /* GoogleBrowserView.swift in Sources */,
				3D1E7B672E983481008EE67B /* RootView.swift in Sources */,
				3D3E2D4B2E987E3F00675C05 /* MainTabView.swift in Sources */,
				3D3E2D5C2E9898D200675C05 /* FavoritesContentView.swift in Sources */,
				3DB90DC62EA7F39100B603E2 /* Logger.swift in Sources */,
				3D3E2D612E989C7200675C05 /* CartViewModel.swift in Sources */,
				3D3E2D5A2E98986000675C05 /* SearchBar.swift in Sources */,
				3D3E2D582E9893A200675C05 /* FavoritesView.swift in Sources */,
				3D1E7B682E983481008EE67B /* ShopAppApp.swift in Sources */,
				3DE1B9D42E9A7A2C00E752FF /* WebViewController.swift in Sources */,
				3DB90DC92EA9013A00B603E2 /* ShopApp.xcdatamodeld in Sources */,
				3D3E2D4D2E987EEE00675C05 /* ProductCardView.swift in Sources */,
				3D1E7B6E2E985B74008EE67B /* CartItem.swift in Sources */,
				3D3E2D562E988E3F00675C05 /* FavoritesViewModel.swift in Sources */,
				3D1E7B7B2E9865B3008EE67B /* AppCoordinator.swift in Sources */,
				3D3E2D542E98835100675C05 /* ProductDetailView.swift in Sources */,
				3D3E2D682E989D5F00675C05 /* CartContentView.swift in Sources */,
				3D1E7B6C2E985B45008EE67B /* Product.swift in Sources */,
				3D3E2D662E989D0900675C05 /* CartView.swift in Sources */,
				3D1E7B712E985C85008EE67B /* MockData.swift in Sources */,
				3D1ECC8F2E9C0B0D006B3675 /* WebViewEmptyStateViewController.swift in Sources */,
				3DB90DCB2EA9020100B603E2 /* CoreDataManager.swift in Sources */,
				3D3E2D722E993A8900675C05 /* SettingsView.swift in Sources */,
			);
			runOnlyForDeploymentPostprocessing = 0;
		};
/* End PBXSourcesBuildPhase section */

/* Begin XCBuildConfiguration section */
		3D1E7B5E2E983479008EE67B /* Debug */ = {
			isa = XCBuildConfiguration;
			buildSettings = {
				ALWAYS_SEARCH_USER_PATHS = NO;
				ASSETCATALOG_COMPILER_GENERATE_SWIFT_ASSET_SYMBOL_EXTENSIONS = YES;
				CLANG_ANALYZER_NONNULL = YES;
				CLANG_ANALYZER_NUMBER_OBJECT_CONVERSION = YES_AGGRESSIVE;
				CLANG_CXX_LANGUAGE_STANDARD = "gnu++20";
				CLANG_ENABLE_MODULES = YES;
				CLANG_ENABLE_OBJC_ARC = YES;
				CLANG_ENABLE_OBJC_WEAK = YES;
				CLANG_WARN_BLOCK_CAPTURE_AUTORELEASING = YES;
				CLANG_WARN_BOOL_CONVERSION = YES;
				CLANG_WARN_COMMA = YES;
				CLANG_WARN_CONSTANT_CONVERSION = YES;
				CLANG_WARN_DEPRECATED_OBJC_IMPLEMENTATIONS = YES;
				CLANG_WARN_DIRECT_OBJC_ISA_USAGE = YES_ERROR;
				CLANG_WARN_DOCUMENTATION_COMMENTS = YES;
				CLANG_WARN_EMPTY_BODY = YES;
				CLANG_WARN_ENUM_CONVERSION = YES;
				CLANG_WARN_INFINITE_RECURSION = YES;
				CLANG_WARN_INT_CONVERSION = YES;
				CLANG_WARN_NON_LITERAL_NULL_CONVERSION = YES;
				CLANG_WARN_OBJC_IMPLICIT_RETAIN_SELF = YES;
				CLANG_WARN_OBJC_LITERAL_CONVERSION = YES;
				CLANG_WARN_OBJC_ROOT_CLASS = YES_ERROR;
				CLANG_WARN_QUOTED_INCLUDE_IN_FRAMEWORK_HEADER = YES;
				CLANG_WARN_RANGE_LOOP_ANALYSIS = YES;
				CLANG_WARN_STRICT_PROTOTYPES = YES;
				CLANG_WARN_SUSPICIOUS_MOVE = YES;
				CLANG_WARN_UNGUARDED_AVAILABILITY = YES_AGGRESSIVE;
				CLANG_WARN_UNREACHABLE_CODE = YES;
				CLANG_WARN__DUPLICATE_METHOD_MATCH = YES;
				COPY_PHASE_STRIP = NO;
				DEBUG_INFORMATION_FORMAT = dwarf;
				DEVELOPMENT_TEAM = GJ7HXBAY3H;
				ENABLE_STRICT_OBJC_MSGSEND = YES;
				ENABLE_TESTABILITY = YES;
				ENABLE_USER_SCRIPT_SANDBOXING = YES;
				GCC_C_LANGUAGE_STANDARD = gnu17;
				GCC_DYNAMIC_NO_PIC = NO;
				GCC_NO_COMMON_BLOCKS = YES;
				GCC_OPTIMIZATION_LEVEL = 0;
				GCC_PREPROCESSOR_DEFINITIONS = (
					"DEBUG=1",
					"$(inherited)",
				);
				GCC_WARN_64_TO_32_BIT_CONVERSION = YES;
				GCC_WARN_ABOUT_RETURN_TYPE = YES_ERROR;
				GCC_WARN_UNDECLARED_SELECTOR = YES;
				GCC_WARN_UNINITIALIZED_AUTOS = YES_AGGRESSIVE;
				GCC_WARN_UNUSED_FUNCTION = YES;
				GCC_WARN_UNUSED_VARIABLE = YES;
				IPHONEOS_DEPLOYMENT_TARGET = 26.0;
				LOCALIZATION_PREFERS_STRING_CATALOGS = YES;
				MTL_ENABLE_DEBUG_INFO = INCLUDE_SOURCE;
				MTL_FAST_MATH = YES;
				ONLY_ACTIVE_ARCH = YES;
				SDKROOT = iphoneos;
				SWIFT_ACTIVE_COMPILATION_CONDITIONS = "DEBUG $(inherited)";
				SWIFT_OPTIMIZATION_LEVEL = "-Onone";
			};
			name = Debug;
		};
		3D1E7B5F2E983479008EE67B /* Release */ = {
			isa = XCBuildConfiguration;
			buildSettings = {
				ALWAYS_SEARCH_USER_PATHS = NO;
				ASSETCATALOG_COMPILER_GENERATE_SWIFT_ASSET_SYMBOL_EXTENSIONS = YES;
				CLANG_ANALYZER_NONNULL = YES;
				CLANG_ANALYZER_NUMBER_OBJECT_CONVERSION = YES_AGGRESSIVE;
				CLANG_CXX_LANGUAGE_STANDARD = "gnu++20";
				CLANG_ENABLE_MODULES = YES;
				CLANG_ENABLE_OBJC_ARC = YES;
				CLANG_ENABLE_OBJC_WEAK = YES;
				CLANG_WARN_BLOCK_CAPTURE_AUTORELEASING = YES;
				CLANG_WARN_BOOL_CONVERSION = YES;
				CLANG_WARN_COMMA = YES;
				CLANG_WARN_CONSTANT_CONVERSION = YES;
				CLANG_WARN_DEPRECATED_OBJC_IMPLEMENTATIONS = YES;
				CLANG_WARN_DIRECT_OBJC_ISA_USAGE = YES_ERROR;
				CLANG_WARN_DOCUMENTATION_COMMENTS = YES;
				CLANG_WARN_EMPTY_BODY = YES;
				CLANG_WARN_ENUM_CONVERSION = YES;
				CLANG_WARN_INFINITE_RECURSION = YES;
				CLANG_WARN_INT_CONVERSION = YES;
				CLANG_WARN_NON_LITERAL_NULL_CONVERSION = YES;
				CLANG_WARN_OBJC_IMPLICIT_RETAIN_SELF = YES;
				CLANG_WARN_OBJC_LITERAL_CONVERSION = YES;
				CLANG_WARN_OBJC_ROOT_CLASS = YES_ERROR;
				CLANG_WARN_QUOTED_INCLUDE_IN_FRAMEWORK_HEADER = YES;
				CLANG_WARN_RANGE_LOOP_ANALYSIS = YES;
				CLANG_WARN_STRICT_PROTOTYPES = YES;
				CLANG_WARN_SUSPICIOUS_MOVE = YES;
				CLANG_WARN_UNGUARDED_AVAILABILITY = YES_AGGRESSIVE;
				CLANG_WARN_UNREACHABLE_CODE = YES;
				CLANG_WARN__DUPLICATE_METHOD_MATCH = YES;
				COPY_PHASE_STRIP = NO;
				DEBUG_INFORMATION_FORMAT = "dwarf-with-dsym";
				DEVELOPMENT_TEAM = GJ7HXBAY3H;
				ENABLE_NS_ASSERTIONS = NO;
				ENABLE_STRICT_OBJC_MSGSEND = YES;
				ENABLE_USER_SCRIPT_SANDBOXING = YES;
				GCC_C_LANGUAGE_STANDARD = gnu17;
				GCC_NO_COMMON_BLOCKS = YES;
				GCC_WARN_64_TO_32_BIT_CONVERSION = YES;
				GCC_WARN_ABOUT_RETURN_TYPE = YES_ERROR;
				GCC_WARN_UNDECLARED_SELECTOR = YES;
				GCC_WARN_UNINITIALIZED_AUTOS = YES_AGGRESSIVE;
				GCC_WARN_UNUSED_FUNCTION = YES;
				GCC_WARN_UNUSED_VARIABLE = YES;
				IPHONEOS_DEPLOYMENT_TARGET = 26.0;
				LOCALIZATION_PREFERS_STRING_CATALOGS = YES;
				MTL_ENABLE_DEBUG_INFO = NO;
				MTL_FAST_MATH = YES;
				SDKROOT = iphoneos;
				SWIFT_COMPILATION_MODE = wholemodule;
				VALIDATE_PRODUCT = YES;
			};
			name = Release;
		};
		3D1E7B612E983479008EE67B /* Debug */ = {
			isa = XCBuildConfiguration;
			buildSettings = {
				ASSETCATALOG_COMPILER_APPICON_NAME = AppIcon;
				ASSETCATALOG_COMPILER_GLOBAL_ACCENT_COLOR_NAME = AccentColor;
				CODE_SIGN_STYLE = Automatic;
				CURRENT_PROJECT_VERSION = 1;
				DEVELOPMENT_TEAM = GJ7HXBAY3H;
				ENABLE_PREVIEWS = YES;
				GENERATE_INFOPLIST_FILE = YES;
				INFOPLIST_KEY_UIApplicationSceneManifest_Generation = YES;
				INFOPLIST_KEY_UIApplicationSupportsIndirectInputEvents = YES;
				INFOPLIST_KEY_UILaunchScreen_Generation = YES;
				INFOPLIST_KEY_UISupportedInterfaceOrientations_iPad = "UIInterfaceOrientationPortrait UIInterfaceOrientationPortraitUpsideDown UIInterfaceOrientationLandscapeLeft UIInterfaceOrientationLandscapeRight";
				INFOPLIST_KEY_UISupportedInterfaceOrientations_iPhone = "UIInterfaceOrientationPortrait UIInterfaceOrientationLandscapeLeft UIInterfaceOrientationLandscapeRight";
				LD_RUNPATH_SEARCH_PATHS = (
					"$(inherited)",
					"@executable_path/Frameworks",
				);
				MARKETING_VERSION = 1.0;
				PRODUCT_BUNDLE_IDENTIFIER = com.DanyloLiubyi.ShopApp;
				PRODUCT_NAME = "$(TARGET_NAME)";
				STRING_CATALOG_GENERATE_SYMBOLS = YES;
				SWIFT_APPROACHABLE_CONCURRENCY = YES;
				SWIFT_DEFAULT_ACTOR_ISOLATION = MainActor;
				SWIFT_EMIT_LOC_STRINGS = YES;
				SWIFT_UPCOMING_FEATURE_MEMBER_IMPORT_VISIBILITY = YES;
				SWIFT_VERSION = 5.0;
				TARGETED_DEVICE_FAMILY = "1,2";
			};
			name = Debug;
		};
		3D1E7B622E983479008EE67B /* Release */ = {
			isa = XCBuildConfiguration;
			buildSettings = {
				ASSETCATALOG_COMPILER_APPICON_NAME = AppIcon;
				ASSETCATALOG_COMPILER_GLOBAL_ACCENT_COLOR_NAME = AccentColor;
				CODE_SIGN_STYLE = Automatic;
				CURRENT_PROJECT_VERSION = 1;
				DEVELOPMENT_TEAM = GJ7HXBAY3H;
				ENABLE_PREVIEWS = YES;
				GENERATE_INFOPLIST_FILE = YES;
				INFOPLIST_KEY_UIApplicationSceneManifest_Generation = YES;
				INFOPLIST_KEY_UIApplicationSupportsIndirectInputEvents = YES;
				INFOPLIST_KEY_UILaunchScreen_Generation = YES;
				INFOPLIST_KEY_UISupportedInterfaceOrientations_iPad = "UIInterfaceOrientationPortrait UIInterfaceOrientationPortraitUpsideDown UIInterfaceOrientationLandscapeLeft UIInterfaceOrientationLandscapeRight";
				INFOPLIST_KEY_UISupportedInterfaceOrientations_iPhone = "UIInterfaceOrientationPortrait UIInterfaceOrientationLandscapeLeft UIInterfaceOrientationLandscapeRight";
				LD_RUNPATH_SEARCH_PATHS = (
					"$(inherited)",
					"@executable_path/Frameworks",
				);
				MARKETING_VERSION = 1.0;
				PRODUCT_BUNDLE_IDENTIFIER = com.DanyloLiubyi.ShopApp;
				PRODUCT_NAME = "$(TARGET_NAME)";
				STRING_CATALOG_GENERATE_SYMBOLS = YES;
				SWIFT_APPROACHABLE_CONCURRENCY = YES;
				SWIFT_DEFAULT_ACTOR_ISOLATION = MainActor;
				SWIFT_EMIT_LOC_STRINGS = YES;
				SWIFT_UPCOMING_FEATURE_MEMBER_IMPORT_VISIBILITY = YES;
				SWIFT_VERSION = 5.0;
				TARGETED_DEVICE_FAMILY = "1,2";
			};
			name = Release;
		};
/* End XCBuildConfiguration section */

/* Begin XCConfigurationList section */
		3D1E7B502E983478008EE67B /* Build configuration list for PBXProject "ShopApp" */ = {
			isa = XCConfigurationList;
			buildConfigurations = (
				3D1E7B5E2E983479008EE67B /* Debug */,
				3D1E7B5F2E983479008EE67B /* Release */,
			);
			defaultConfigurationIsVisible = 0;
			defaultConfigurationName = Release;
		};
		3D1E7B602E983479008EE67B /* Build configuration list for PBXNativeTarget "ShopApp" */ = {
			isa = XCConfigurationList;
			buildConfigurations = (
				3D1E7B612E983479008EE67B /* Debug */,
				3D1E7B622E983479008EE67B /* Release */,
			);
			defaultConfigurationIsVisible = 0;
			defaultConfigurationName = Release;
		};
/* End XCConfigurationList section */

/* Begin XCVersionGroup section */
		3DB90DC72EA9013A00B603E2 /* ShopApp.xcdatamodeld */ = {
			isa = XCVersionGroup;
			children = (
				3DB90DC82EA9013A00B603E2 /* ShopApp.xcdatamodel */,
			);
			currentVersion = 3DB90DC82EA9013A00B603E2 /* ShopApp.xcdatamodel */;
			path = ShopApp.xcdatamodeld;
			sourceTree = "<group>";
			versionGroupType = wrapper.xcdatamodel;
		};
/* End XCVersionGroup section */
	};
	rootObject = 3D1E7B4D2E983478008EE67B /* Project object */;
}
